
Microsoft Visual Studio Solution File, Format Version 12.00
# Visual Studio Version 17
VisualStudioVersion = 17.1.32319.34
MinimumVisualStudioVersion = 10.0.40219.1
Project("{FAE04EC0-301F-11D3-BF4B-00C04F79EFBC}") = "ConsoleApp3", "ConsoleApp3\ConsoleApp3.csproj", "{B34D65CD-2B6C-45E5-8CB5-670198382DF6}"
EndProject
Global
	GlobalSection(SolutionConfigurationPlatforms) = preSolution
		Debug|Any CPU = Debug|Any CPU
		Release|Any CPU = Release|Any CPU
	EndGlobalSection
	GlobalSection(ProjectConfigurationPlatforms) = postSolution
		{B34D65CD-2B6C-45E5-8CB5-670198382DF6}.Debug|Any CPU.ActiveCfg = Debug|Any CPU
		{B34D65CD-2B6C-45E5-8CB5-670198382DF6}.Debug|Any CPU.Build.0 = Debug|Any CPU
		{B34D65CD-2B6C-45E5-8CB5-670198382DF6}.Release|Any CPU.ActiveCfg = Release|Any CPU
		{B34D65CD-2B6C-45E5-8CB5-670198382DF6}.Release|Any CPU.Build.0 = Release|Any CPU
	EndGlobalSection
	GlobalSection(SolutionProperties) = preSolution
		HideSolutionNode = FALSE
	EndGlobalSection
	GlobalSection(ExtensibilityGlobals) = postSolution
		SolutionGuid = {106DCEFE-680F-4926-BEAB-1A8DE6D23BEE}
	EndGlobalSection
EndGlobal
